
Microsoft Visual Studio Solution File, Format Version 12.00
# Visual Studio Version 17
VisualStudioVersion = 17.2.32602.215
MinimumVisualStudioVersion = 10.0.40219.1
Project("{9A19103F-16F7-4668-BE54-9A1E7A4F7556}") = "IdentityServer", "IdentityServer\IdentityServer.csproj", "{BA78BE9B-2E25-4120-BD1C-EFAF58A69785}"
	ProjectSection(ProjectDependencies) = postProject
		{F93F9764-3877-44DB-B7C4-4EF07544F8CD} = {F93F9764-3877-44DB-B7C4-4EF07544F8CD}
	EndProjectSection
EndProject
Project("{9A19103F-16F7-4668-BE54-9A1E7A4F7556}") = "User.Application", "User.Application\User.Application.csproj", "{F93F9764-3877-44DB-B7C4-4EF07544F8CD}"
EndProject
Global
	GlobalSection(SolutionConfigurationPlatforms) = preSolution
		Debug|Any CPU = Debug|Any CPU
		Release|Any CPU = Release|Any CPU
	EndGlobalSection
	GlobalSection(ProjectConfigurationPlatforms) = postSolution
		{BA78BE9B-2E25-4120-BD1C-EFAF58A69785}.Debug|Any CPU.ActiveCfg = Debug|Any CPU
		{BA78BE9B-2E25-4120-BD1C-EFAF58A69785}.Debug|Any CPU.Build.0 = Debug|Any CPU
		{BA78BE9B-2E25-4120-BD1C-EFAF58A69785}.Release|Any CPU.ActiveCfg = Release|Any CPU
		{BA78BE9B-2E25-4120-BD1C-EFAF58A69785}.Release|Any CPU.Build.0 = Release|Any CPU
		{F93F9764-3877-44DB-B7C4-4EF07544F8CD}.Debug|Any CPU.ActiveCfg = Debug|Any CPU
		{F93F9764-3877-44DB-B7C4-4EF07544F8CD}.Debug|Any CPU.Build.0 = Debug|Any CPU
		{F93F9764-3877-44DB-B7C4-4EF07544F8CD}.Release|Any CPU.ActiveCfg = Release|Any CPU
		{F93F9764-3877-44DB-B7C4-4EF07544F8CD}.Release|Any CPU.Build.0 = Release|Any CPU
	EndGlobalSection
	GlobalSection(SolutionProperties) = preSolution
		HideSolutionNode = FALSE
	EndGlobalSection
	GlobalSection(ExtensibilityGlobals) = postSolution
		SolutionGuid = {ED2B0F4C-5C75-41B5-B57D-3F6EF6E1A471}
	EndGlobalSection
EndGlobal
